
Microsoft Visual Studio Solution File, Format Version 12.00
# Visual Studio 15
VisualStudioVersion = 15.0.26730.3
MinimumVisualStudioVersion = 10.0.40219.1
Project("{9A19103F-16F7-4668-BE54-9A1E7A4F7556}") = "Caju.Application", "Caju.Application\Caju.Application.csproj", "{91BDCE53-3886-4643-8A89-7670422F6314}"
EndProject
Project("{9A19103F-16F7-4668-BE54-9A1E7A4F7556}") = "Caju.Domain", "Caju.Domain\Caju.Domain.csproj", "{18900A04-AD5B-4556-A304-70C345A5AA1A}"
EndProject
Project("{9A19103F-16F7-4668-BE54-9A1E7A4F7556}") = "Caju.UnitTests", "Caju.UnitTests\Caju.UnitTests.csproj", "{12C72AE3-1863-4569-A200-70A2EC60CC4C}"
EndProject
Project("{FAE04EC0-301F-11D3-BF4B-00C04F79EFBC}") = "Caju.UI", "Caju.UI\Caju.UI.csproj", "{E9232B96-2206-4599-9B0F-8A571FAFC415}"
EndProject
Project("{FAE04EC0-301F-11D3-BF4B-00C04F79EFBC}") = "Caju.Infrastructure", "Caju.Infrastructure\Caju.Infrastructure.csproj", "{60525152-98B5-4496-83FA-B700585A2875}"
EndProject
Project("{FAE04EC0-301F-11D3-BF4B-00C04F79EFBC}") = "Caju.Infrastructure.Xml", "Caju.Infrastructure.Xml\Caju.Infrastructure.Xml.csproj", "{767198BB-23EE-4A00-924A-13FCF66790CC}"
EndProject
Project("{FAE04EC0-301F-11D3-BF4B-00C04F79EFBC}") = "Caju.Infrastructure.Csv", "Caju.Infrastructure.Csv\Caju.Infrastructure.Csv.csproj", "{B76B1261-2673-462C-8947-0389E1548822}"
EndProject
Project("{FAE04EC0-301F-11D3-BF4B-00C04F79EFBC}") = "Caju.Infrastructure.Txt", "Caju.Infrastructure.Txt\Caju.Infrastructure.Txt.csproj", "{364AF14F-932F-4CFE-8F4A-EECA14C22470}"
EndProject
Project("{2150E333-8FDC-42A3-9474-1A3956D46DE8}") = "Adapters", "Adapters", "{F88278F2-4E02-4031-AB29-F6DED831D5BD}"
EndProject
Global
	GlobalSection(SolutionConfigurationPlatforms) = preSolution
		Debug|Any CPU = Debug|Any CPU
		Release|Any CPU = Release|Any CPU
	EndGlobalSection
	GlobalSection(ProjectConfigurationPlatforms) = postSolution
		{91BDCE53-3886-4643-8A89-7670422F6314}.Debug|Any CPU.ActiveCfg = Debug|Any CPU
		{91BDCE53-3886-4643-8A89-7670422F6314}.Debug|Any CPU.Build.0 = Debug|Any CPU
		{91BDCE53-3886-4643-8A89-7670422F6314}.Release|Any CPU.ActiveCfg = Release|Any CPU
		{91BDCE53-3886-4643-8A89-7670422F6314}.Release|Any CPU.Build.0 = Release|Any CPU
		{18900A04-AD5B-4556-A304-70C345A5AA1A}.Debug|Any CPU.ActiveCfg = Debug|Any CPU
		{18900A04-AD5B-4556-A304-70C345A5AA1A}.Debug|Any CPU.Build.0 = Debug|Any CPU
		{18900A04-AD5B-4556-A304-70C345A5AA1A}.Release|Any CPU.ActiveCfg = Release|Any CPU
		{18900A04-AD5B-4556-A304-70C345A5AA1A}.Release|Any CPU.Build.0 = Release|Any CPU
		{12C72AE3-1863-4569-A200-70A2EC60CC4C}.Debug|Any CPU.ActiveCfg = Debug|Any CPU
		{12C72AE3-1863-4569-A200-70A2EC60CC4C}.Debug|Any CPU.Build.0 = Debug|Any CPU
		{12C72AE3-1863-4569-A200-70A2EC60CC4C}.Release|Any CPU.ActiveCfg = Release|Any CPU
		{12C72AE3-1863-4569-A200-70A2EC60CC4C}.Release|Any CPU.Build.0 = Release|Any CPU
		{E9232B96-2206-4599-9B0F-8A571FAFC415}.Debug|Any CPU.ActiveCfg = Debug|Any CPU
		{E9232B96-2206-4599-9B0F-8A571FAFC415}.Debug|Any CPU.Build.0 = Debug|Any CPU
		{E9232B96-2206-4599-9B0F-8A571FAFC415}.Release|Any CPU.ActiveCfg = Release|Any CPU
		{E9232B96-2206-4599-9B0F-8A571FAFC415}.Release|Any CPU.Build.0 = Release|Any CPU
		{60525152-98B5-4496-83FA-B700585A2875}.Debug|Any CPU.ActiveCfg = Debug|Any CPU
		{60525152-98B5-4496-83FA-B700585A2875}.Debug|Any CPU.Build.0 = Debug|Any CPU
		{60525152-98B5-4496-83FA-B700585A2875}.Release|Any CPU.ActiveCfg = Release|Any CPU
		{60525152-98B5-4496-83FA-B700585A2875}.Release|Any CPU.Build.0 = Release|Any CPU
		{767198BB-23EE-4A00-924A-13FCF66790CC}.Debug|Any CPU.ActiveCfg = Debug|Any CPU
		{767198BB-23EE-4A00-924A-13FCF66790CC}.Debug|Any CPU.Build.0 = Debug|Any CPU
		{767198BB-23EE-4A00-924A-13FCF66790CC}.Release|Any CPU.ActiveCfg = Release|Any CPU
		{767198BB-23EE-4A00-924A-13FCF66790CC}.Release|Any CPU.Build.0 = Release|Any CPU
		{B76B1261-2673-462C-8947-0389E1548822}.Debug|Any CPU.ActiveCfg = Debug|Any CPU
		{B76B1261-2673-462C-8947-0389E1548822}.Debug|Any CPU.Build.0 = Debug|Any CPU
		{B76B1261-2673-462C-8947-0389E1548822}.Release|Any CPU.ActiveCfg = Release|Any CPU
		{B76B1261-2673-462C-8947-0389E1548822}.Release|Any CPU.Build.0 = Release|Any CPU
		{364AF14F-932F-4CFE-8F4A-EECA14C22470}.Debug|Any CPU.ActiveCfg = Debug|Any CPU
		{364AF14F-932F-4CFE-8F4A-EECA14C22470}.Debug|Any CPU.Build.0 = Debug|Any CPU
		{364AF14F-932F-4CFE-8F4A-EECA14C22470}.Release|Any CPU.ActiveCfg = Release|Any CPU
		{364AF14F-932F-4CFE-8F4A-EECA14C22470}.Release|Any CPU.Build.0 = Release|Any CPU
	EndGlobalSection
	GlobalSection(SolutionProperties) = preSolution
		HideSolutionNode = FALSE
	EndGlobalSection
	GlobalSection(NestedProjects) = preSolution
		{767198BB-23EE-4A00-924A-13FCF66790CC} = {F88278F2-4E02-4031-AB29-F6DED831D5BD}
		{B76B1261-2673-462C-8947-0389E1548822} = {F88278F2-4E02-4031-AB29-F6DED831D5BD}
		{364AF14F-932F-4CFE-8F4A-EECA14C22470} = {F88278F2-4E02-4031-AB29-F6DED831D5BD}
	EndGlobalSection
	GlobalSection(ExtensibilityGlobals) = postSolution
		SolutionGuid = {CC9D3BE9-97F2-4A9C-A3A6-DB8B71A6D6F1}
	EndGlobalSection
EndGlobal
