
Microsoft Visual Studio Solution File, Format Version 12.00
# Visual Studio 15
VisualStudioVersion = 15.0.26730.3
MinimumVisualStudioVersion = 10.0.40219.1
Project("{FAE04EC0-301F-11D3-BF4B-00C04F79EFBC}") = "Caju.Application", "Caju.Application\Caju.Application.csproj", "{91BDCE53-3886-4643-8A89-7670422F6314}"
EndProject
Project("{FAE04EC0-301F-11D3-BF4B-00C04F79EFBC}") = "Caju.Domain", "Caju.Domain\Caju.Domain.csproj", "{18900A04-AD5B-4556-A304-70C345A5AA1A}"
EndProject
Project("{FAE04EC0-301F-11D3-BF4B-00C04F79EFBC}") = "Caju.UnitTests", "Caju.UnitTests\Caju.UnitTests.csproj", "{12C72AE3-1863-4569-A200-70A2EC60CC4C}"
EndProject
Project("{FAE04EC0-301F-11D3-BF4B-00C04F79EFBC}") = "Caju.UI", "Caju.UI\Caju.UI.csproj", "{E9232B96-2206-4599-9B0F-8A571FAFC415}"
EndProject
Global
	GlobalSection(SolutionConfigurationPlatforms) = preSolution
		Debug|Any CPU = Debug|Any CPU
		Release|Any CPU = Release|Any CPU
	EndGlobalSection
	GlobalSection(ProjectConfigurationPlatforms) = postSolution
		{91BDCE53-3886-4643-8A89-7670422F6314}.Debug|Any CPU.ActiveCfg = Debug|Any CPU
		{91BDCE53-3886-4643-8A89-7670422F6314}.Debug|Any CPU.Build.0 = Debug|Any CPU
		{91BDCE53-3886-4643-8A89-7670422F6314}.Release|Any CPU.ActiveCfg = Release|Any CPU
		{91BDCE53-3886-4643-8A89-7670422F6314}.Release|Any CPU.Build.0 = Release|Any CPU
		{18900A04-AD5B-4556-A304-70C345A5AA1A}.Debug|Any CPU.ActiveCfg = Debug|Any CPU
		{18900A04-AD5B-4556-A304-70C345A5AA1A}.Debug|Any CPU.Build.0 = Debug|Any CPU
		{18900A04-AD5B-4556-A304-70C345A5AA1A}.Release|Any CPU.ActiveCfg = Release|Any CPU
		{18900A04-AD5B-4556-A304-70C345A5AA1A}.Release|Any CPU.Build.0 = Release|Any CPU
		{12C72AE3-1863-4569-A200-70A2EC60CC4C}.Debug|Any CPU.ActiveCfg = Debug|Any CPU
		{12C72AE3-1863-4569-A200-70A2EC60CC4C}.Debug|Any CPU.Build.0 = Debug|Any CPU
		{12C72AE3-1863-4569-A200-70A2EC60CC4C}.Release|Any CPU.ActiveCfg = Release|Any CPU
		{12C72AE3-1863-4569-A200-70A2EC60CC4C}.Release|Any CPU.Build.0 = Release|Any CPU
		{E9232B96-2206-4599-9B0F-8A571FAFC415}.Debug|Any CPU.ActiveCfg = Debug|Any CPU
		{E9232B96-2206-4599-9B0F-8A571FAFC415}.Debug|Any CPU.Build.0 = Debug|Any CPU
		{E9232B96-2206-4599-9B0F-8A571FAFC415}.Release|Any CPU.ActiveCfg = Release|Any CPU
		{E9232B96-2206-4599-9B0F-8A571FAFC415}.Release|Any CPU.Build.0 = Release|Any CPU
	EndGlobalSection
	GlobalSection(SolutionProperties) = preSolution
		HideSolutionNode = FALSE
	EndGlobalSection
	GlobalSection(ExtensibilityGlobals) = postSolution
		SolutionGuid = {CC9D3BE9-97F2-4A9C-A3A6-DB8B71A6D6F1}
	EndGlobalSection
EndGlobal
